// !$*UTF8*$!
{
	archiveVersion = 1;
	classes = {
	};
	objectVersion = 50;
	objects = {

/* Begin PBXBuildFile section */
		4935B6E826DF96C700837F93 /* LocationManagerApp.swift in Sources */ = {isa = PBXBuildFile; fileRef = 4935B6E726DF96C700837F93 /* LocationManagerApp.swift */; };
		4935B6EA26DF96C700837F93 /* ContentView.swift in Sources */ = {isa = PBXBuildFile; fileRef = 4935B6E926DF96C700837F93 /* ContentView.swift */; };
		4935B6EC26DF96CA00837F93 /* Assets.xcassets in Resources */ = {isa = PBXBuildFile; fileRef = 4935B6EB26DF96CA00837F93 /* Assets.xcassets */; };
		4935B6EF26DF96CA00837F93 /* Preview Assets.xcassets in Resources */ = {isa = PBXBuildFile; fileRef = 4935B6EE26DF96CA00837F93 /* Preview Assets.xcassets */; };
		4935B6F126DF96CA00837F93 /* Persistence.swift in Sources */ = {isa = PBXBuildFile; fileRef = 4935B6F026DF96CA00837F93 /* Persistence.swift */; };
		4935B6F426DF96CA00837F93 /* LocationManager.xcdatamodeld in Sources */ = {isa = PBXBuildFile; fileRef = 4935B6F226DF96CA00837F93 /* LocationManager.xcdatamodeld */; };
		4935B6FC26DF9D8C00837F93 /* LocationService.swift in Sources */ = {isa = PBXBuildFile; fileRef = 4935B6FB26DF9D8C00837F93 /* LocationService.swift */; };
		4953644326E23A14004A0FA4 /* MapKit.framework in Frameworks */ = {isa = PBXBuildFile; fileRef = 4953644226E23A14004A0FA4 /* MapKit.framework */; };
/* End PBXBuildFile section */

/* Begin PBXFileReference section */
		4935B6E426DF96C700837F93 /* LocationManager.app */ = {isa = PBXFileReference; explicitFileType = wrapper.application; includeInIndex = 0; path = LocationManager.app; sourceTree = BUILT_PRODUCTS_DIR; };
		4935B6E726DF96C700837F93 /* LocationManagerApp.swift */ = {isa = PBXFileReference; lastKnownFileType = sourcecode.swift; path = LocationManagerApp.swift; sourceTree = "<group>"; };
		4935B6E926DF96C700837F93 /* ContentView.swift */ = {isa = PBXFileReference; lastKnownFileType = sourcecode.swift; path = ContentView.swift; sourceTree = "<group>"; };
		4935B6EB26DF96CA00837F93 /* Assets.xcassets */ = {isa = PBXFileReference; lastKnownFileType = folder.assetcatalog; path = Assets.xcassets; sourceTree = "<group>"; };
		4935B6EE26DF96CA00837F93 /* Preview Assets.xcassets */ = {isa = PBXFileReference; lastKnownFileType = folder.assetcatalog; path = "Preview Assets.xcassets"; sourceTree = "<group>"; };
		4935B6F026DF96CA00837F93 /* Persistence.swift */ = {isa = PBXFileReference; lastKnownFileType = sourcecode.swift; path = Persistence.swift; sourceTree = "<group>"; };
		4935B6F326DF96CA00837F93 /* LocationManager.xcdatamodel */ = {isa = PBXFileReference; lastKnownFileType = wrapper.xcdatamodel; path = LocationManager.xcdatamodel; sourceTree = "<group>"; };
		4935B6F526DF96CA00837F93 /* Info.plist */ = {isa = PBXFileReference; lastKnownFileType = text.plist.xml; path = Info.plist; sourceTree = "<group>"; };
		4935B6FB26DF9D8C00837F93 /* LocationService.swift */ = {isa = PBXFileReference; lastKnownFileType = sourcecode.swift; path = LocationService.swift; sourceTree = "<group>"; };
		4953644226E23A14004A0FA4 /* MapKit.framework */ = {isa = PBXFileReference; lastKnownFileType = wrapper.framework; name = MapKit.framework; path = System/Library/Frameworks/MapKit.framework; sourceTree = SDKROOT; };
/* End PBXFileReference section */

/* Begin PBXFrameworksBuildPhase section */
		4935B6E126DF96C700837F93 /* Frameworks */ = {
			isa = PBXFrameworksBuildPhase;
			buildActionMask = 2147483647;
			files = (
				4953644326E23A14004A0FA4 /* MapKit.framework in Frameworks */,
			);
			runOnlyForDeploymentPostprocessing = 0;
		};
/* End PBXFrameworksBuildPhase section */

/* Begin PBXGroup section */
		4935B6DB26DF96C700837F93 = {
			isa = PBXGroup;
			children = (
				4935B6E626DF96C700837F93 /* LocationManager */,
				4935B6E526DF96C700837F93 /* Products */,
				4953644126E23A14004A0FA4 /* Frameworks */,
			);
			sourceTree = "<group>";
		};
		4935B6E526DF96C700837F93 /* Products */ = {
			isa = PBXGroup;
			children = (
				4935B6E426DF96C700837F93 /* LocationManager.app */,
			);
			name = Products;
			sourceTree = "<group>";
		};
		4935B6E626DF96C700837F93 /* LocationManager */ = {
			isa = PBXGroup;
			children = (
				4935B6E726DF96C700837F93 /* LocationManagerApp.swift */,
				4935B6FB26DF9D8C00837F93 /* LocationService.swift */,
				4935B6E926DF96C700837F93 /* ContentView.swift */,
				4935B6EB26DF96CA00837F93 /* Assets.xcassets */,
				4935B6F026DF96CA00837F93 /* Persistence.swift */,
				4935B6F526DF96CA00837F93 /* Info.plist */,
				4935B6F226DF96CA00837F93 /* LocationManager.xcdatamodeld */,
				4935B6ED26DF96CA00837F93 /* Preview Content */,
			);
			path = LocationManager;
			sourceTree = "<group>";
		};
		4935B6ED26DF96CA00837F93 /* Preview Content */ = {
			isa = PBXGroup;
			children = (
				4935B6EE26DF96CA00837F93 /* Preview Assets.xcassets */,
			);
			path = "Preview Content";
			sourceTree = "<group>";
		};
		4953644126E23A14004A0FA4 /* Frameworks */ = {
			isa = PBXGroup;
			children = (
				4953644226E23A14004A0FA4 /* MapKit.framework */,
			);
			name = Frameworks;
			sourceTree = "<group>";
		};
/* End PBXGroup section */

/* Begin PBXNativeTarget section */
		4935B6E326DF96C700837F93 /* LocationManager */ = {
			isa = PBXNativeTarget;
			buildConfigurationList = 4935B6F826DF96CA00837F93 /* Build configuration list for PBXNativeTarget "LocationManager" */;
			buildPhases = (
				4935B6E026DF96C700837F93 /* Sources */,
				4935B6E126DF96C700837F93 /* Frameworks */,
				4935B6E226DF96C700837F93 /* Resources */,
			);
			buildRules = (
			);
			dependencies = (
			);
			name = LocationManager;
			productName = LocationManager;
			productReference = 4935B6E426DF96C700837F93 /* LocationManager.app */;
			productType = "com.apple.product-type.application";
		};
/* End PBXNativeTarget section */

/* Begin PBXProject section */
		4935B6DC26DF96C700837F93 /* Project object */ = {
			isa = PBXProject;
			attributes = {
				LastSwiftUpdateCheck = 1250;
				LastUpgradeCheck = 1250;
				TargetAttributes = {
					4935B6E326DF96C700837F93 = {
						CreatedOnToolsVersion = 12.5.1;
					};
				};
			};
			buildConfigurationList = 4935B6DF26DF96C700837F93 /* Build configuration list for PBXProject "LocationManager" */;
			compatibilityVersion = "Xcode 9.3";
			developmentRegion = en;
			hasScannedForEncodings = 0;
			knownRegions = (
				en,
				Base,
			);
			mainGroup = 4935B6DB26DF96C700837F93;
			productRefGroup = 4935B6E526DF96C700837F93 /* Products */;
			projectDirPath = "";
			projectRoot = "";
			targets = (
				4935B6E326DF96C700837F93 /* LocationManager */,
			);
		};
/* End PBXProject section */

/* Begin PBXResourcesBuildPhase section */
		4935B6E226DF96C700837F93 /* Resources */ = {
			isa = PBXResourcesBuildPhase;
			buildActionMask = 2147483647;
			files = (
				4935B6EF26DF96CA00837F93 /* Preview Assets.xcassets in Resources */,
				4935B6EC26DF96CA00837F93 /* Assets.xcassets in Resources */,
			);
			runOnlyForDeploymentPostprocessing = 0;
		};
/* End PBXResourcesBuildPhase section */

/* Begin PBXSourcesBuildPhase section */
		4935B6E026DF96C700837F93 /* Sources */ = {
			isa = PBXSourcesBuildPhase;
			buildActionMask = 2147483647;
			files = (
				4935B6F426DF96CA00837F93 /* LocationManager.xcdatamodeld in Sources */,
				4935B6F126DF96CA00837F93 /* Persistence.swift in Sources */,
				4935B6FC26DF9D8C00837F93 /* LocationService.swift in Sources */,
				4935B6EA26DF96C700837F93 /* ContentView.swift in Sources */,
				4935B6E826DF96C700837F93 /* LocationManagerApp.swift in Sources */,
			);
			runOnlyForDeploymentPostprocessing = 0;
		};
/* End PBXSourcesBuildPhase section */

/* Begin XCBuildConfiguration section */
		4935B6F626DF96CA00837F93 /* Debug */ = {
			isa = XCBuildConfiguration;
			buildSettings = {
				ALWAYS_SEARCH_USER_PATHS = NO;
				CLANG_ANALYZER_NONNULL = YES;
				CLANG_ANALYZER_NUMBER_OBJECT_CONVERSION = YES_AGGRESSIVE;
				CLANG_CXX_LANGUAGE_STANDARD = "gnu++14";
				CLANG_CXX_LIBRARY = "libc++";
				CLANG_ENABLE_MODULES = YES;
				CLANG_ENABLE_OBJC_ARC = YES;
				CLANG_ENABLE_OBJC_WEAK = YES;
				CLANG_WARN_BLOCK_CAPTURE_AUTORELEASING = YES;
				CLANG_WARN_BOOL_CONVERSION = YES;
				CLANG_WARN_COMMA = YES;
				CLANG_WARN_CONSTANT_CONVERSION = YES;
				CLANG_WARN_DEPRECATED_OBJC_IMPLEMENTATIONS = YES;
				CLANG_WARN_DIRECT_OBJC_ISA_USAGE = YES_ERROR;
				CLANG_WARN_DOCUMENTATION_COMMENTS = YES;
				CLANG_WARN_EMPTY_BODY = YES;
				CLANG_WARN_ENUM_CONVERSION = YES;
				CLANG_WARN_INFINITE_RECURSION = YES;
				CLANG_WARN_INT_CONVERSION = YES;
				CLANG_WARN_NON_LITERAL_NULL_CONVERSION = YES;
				CLANG_WARN_OBJC_IMPLICIT_RETAIN_SELF = YES;
				CLANG_WARN_OBJC_LITERAL_CONVERSION = YES;
				CLANG_WARN_OBJC_ROOT_CLASS = YES_ERROR;
				CLANG_WARN_QUOTED_INCLUDE_IN_FRAMEWORK_HEADER = YES;
				CLANG_WARN_RANGE_LOOP_ANALYSIS = YES;
				CLANG_WARN_STRICT_PROTOTYPES = YES;
				CLANG_WARN_SUSPICIOUS_MOVE = YES;
				CLANG_WARN_UNGUARDED_AVAILABILITY = YES_AGGRESSIVE;
				CLANG_WARN_UNREACHABLE_CODE = YES;
				CLANG_WARN__DUPLICATE_METHOD_MATCH = YES;
				COPY_PHASE_STRIP = NO;
				DEBUG_INFORMATION_FORMAT = dwarf;
				ENABLE_STRICT_OBJC_MSGSEND = YES;
				ENABLE_TESTABILITY = YES;
				GCC_C_LANGUAGE_STANDARD = gnu11;
				GCC_DYNAMIC_NO_PIC = NO;
				GCC_NO_COMMON_BLOCKS = YES;
				GCC_OPTIMIZATION_LEVEL = 0;
				GCC_PREPROCESSOR_DEFINITIONS = (
					"DEBUG=1",
					"$(inherited)",
				);
				GCC_WARN_64_TO_32_BIT_CONVERSION = YES;
				GCC_WARN_ABOUT_RETURN_TYPE = YES_ERROR;
				GCC_WARN_UNDECLARED_SELECTOR = YES;
				GCC_WARN_UNINITIALIZED_AUTOS = YES_AGGRESSIVE;
				GCC_WARN_UNUSED_FUNCTION = YES;
				GCC_WARN_UNUSED_VARIABLE = YES;
				IPHONEOS_DEPLOYMENT_TARGET = 14.5;
				MTL_ENABLE_DEBUG_INFO = INCLUDE_SOURCE;
				MTL_FAST_MATH = YES;
				ONLY_ACTIVE_ARCH = YES;
				SDKROOT = iphoneos;
				SWIFT_ACTIVE_COMPILATION_CONDITIONS = DEBUG;
				SWIFT_OPTIMIZATION_LEVEL = "-Onone";
			};
			name = Debug;
		};
		4935B6F726DF96CA00837F93 /* Release */ = {
			isa = XCBuildConfiguration;
			buildSettings = {
				ALWAYS_SEARCH_USER_PATHS = NO;
				CLANG_ANALYZER_NONNULL = YES;
				CLANG_ANALYZER_NUMBER_OBJECT_CONVERSION = YES_AGGRESSIVE;
				CLANG_CXX_LANGUAGE_STANDARD = "gnu++14";
				CLANG_CXX_LIBRARY = "libc++";
				CLANG_ENABLE_MODULES = YES;
				CLANG_ENABLE_OBJC_ARC = YES;
				CLANG_ENABLE_OBJC_WEAK = YES;
				CLANG_WARN_BLOCK_CAPTURE_AUTORELEASING = YES;
				CLANG_WARN_BOOL_CONVERSION = YES;
				CLANG_WARN_COMMA = YES;
				CLANG_WARN_CONSTANT_CONVERSION = YES;
				CLANG_WARN_DEPRECATED_OBJC_IMPLEMENTATIONS = YES;
				CLANG_WARN_DIRECT_OBJC_ISA_USAGE = YES_ERROR;
				CLANG_WARN_DOCUMENTATION_COMMENTS = YES;
				CLANG_WARN_EMPTY_BODY = YES;
				CLANG_WARN_ENUM_CONVERSION = YES;
				CLANG_WARN_INFINITE_RECURSION = YES;
				CLANG_WARN_INT_CONVERSION = YES;
				CLANG_WARN_NON_LITERAL_NULL_CONVERSION = YES;
				CLANG_WARN_OBJC_IMPLICIT_RETAIN_SELF = YES;
				CLANG_WARN_OBJC_LITERAL_CONVERSION = YES;
				CLANG_WARN_OBJC_ROOT_CLASS = YES_ERROR;
				CLANG_WARN_QUOTED_INCLUDE_IN_FRAMEWORK_HEADER = YES;
				CLANG_WARN_RANGE_LOOP_ANALYSIS = YES;
				CLANG_WARN_STRICT_PROTOTYPES = YES;
				CLANG_WARN_SUSPICIOUS_MOVE = YES;
				CLANG_WARN_UNGUARDED_AVAILABILITY = YES_AGGRESSIVE;
				CLANG_WARN_UNREACHABLE_CODE = YES;
				CLANG_WARN__DUPLICATE_METHOD_MATCH = YES;
				COPY_PHASE_STRIP = NO;
				DEBUG_INFORMATION_FORMAT = "dwarf-with-dsym";
				ENABLE_NS_ASSERTIONS = NO;
				ENABLE_STRICT_OBJC_MSGSEND = YES;
				GCC_C_LANGUAGE_STANDARD = gnu11;
				GCC_NO_COMMON_BLOCKS = YES;
				GCC_WARN_64_TO_32_BIT_CONVERSION = YES;
				GCC_WARN_ABOUT_RETURN_TYPE = YES_ERROR;
				GCC_WARN_UNDECLARED_SELECTOR = YES;
				GCC_WARN_UNINITIALIZED_AUTOS = YES_AGGRESSIVE;
				GCC_WARN_UNUSED_FUNCTION = YES;
				GCC_WARN_UNUSED_VARIABLE = YES;
				IPHONEOS_DEPLOYMENT_TARGET = 14.5;
				MTL_ENABLE_DEBUG_INFO = NO;
				MTL_FAST_MATH = YES;
				SDKROOT = iphoneos;
				SWIFT_COMPILATION_MODE = wholemodule;
				SWIFT_OPTIMIZATION_LEVEL = "-O";
				VALIDATE_PRODUCT = YES;
			};
			name = Release;
		};
		4935B6F926DF96CA00837F93 /* Debug */ = {
			isa = XCBuildConfiguration;
			buildSettings = {
				ASSETCATALOG_COMPILER_APPICON_NAME = AppIcon;
				ASSETCATALOG_COMPILER_GLOBAL_ACCENT_COLOR_NAME = AccentColor;
				CODE_SIGN_STYLE = Automatic;
				DEVELOPMENT_ASSET_PATHS = "\"LocationManager/Preview Content\"";
				DEVELOPMENT_TEAM = 27SU9T88M5;
				ENABLE_PREVIEWS = YES;
				INFOPLIST_FILE = LocationManager/Info.plist;
				IPHONEOS_DEPLOYMENT_TARGET = 14.0;
				LD_RUNPATH_SEARCH_PATHS = (
					"$(inherited)",
					"@executable_path/Frameworks",
				);
				PRODUCT_BUNDLE_IDENTIFIER = "-1nyaa.LocationManager";
				PRODUCT_NAME = "$(TARGET_NAME)";
				SWIFT_VERSION = 5.0;
				TARGETED_DEVICE_FAMILY = "1,2";
			};
			name = Debug;
		};
		4935B6FA26DF96CA00837F93 /* Release */ = {
			isa = XCBuildConfiguration;
			buildSettings = {
				ASSETCATALOG_COMPILER_APPICON_NAME = AppIcon;
				ASSETCATALOG_COMPILER_GLOBAL_ACCENT_COLOR_NAME = AccentColor;
				CODE_SIGN_STYLE = Automatic;
				DEVELOPMENT_ASSET_PATHS = "\"LocationManager/Preview Content\"";
				DEVELOPMENT_TEAM = 27SU9T88M5;
				ENABLE_PREVIEWS = YES;
				INFOPLIST_FILE = LocationManager/Info.plist;
				IPHONEOS_DEPLOYMENT_TARGET = 14.0;
				LD_RUNPATH_SEARCH_PATHS = (
					"$(inherited)",
					"@executable_path/Frameworks",
				);
				PRODUCT_BUNDLE_IDENTIFIER = "-1nyaa.LocationManager";
				PRODUCT_NAME = "$(TARGET_NAME)";
				SWIFT_VERSION = 5.0;
				TARGETED_DEVICE_FAMILY = "1,2";
			};
			name = Release;
		};
/* End XCBuildConfiguration section */

/* Begin XCConfigurationList section */
		4935B6DF26DF96C700837F93 /* Build configuration list for PBXProject "LocationManager" */ = {
			isa = XCConfigurationList;
			buildConfigurations = (
				4935B6F626DF96CA00837F93 /* Debug */,
				4935B6F726DF96CA00837F93 /* Release */,
			);
			defaultConfigurationIsVisible = 0;
			defaultConfigurationName = Release;
		};
		4935B6F826DF96CA00837F93 /* Build configuration list for PBXNativeTarget "LocationManager" */ = {
			isa = XCConfigurationList;
			buildConfigurations = (
				4935B6F926DF96CA00837F93 /* Debug */,
				4935B6FA26DF96CA00837F93 /* Release */,
			);
			defaultConfigurationIsVisible = 0;
			defaultConfigurationName = Release;
		};
/* End XCConfigurationList section */

/* Begin XCVersionGroup section */
		4935B6F226DF96CA00837F93 /* LocationManager.xcdatamodeld */ = {
			isa = XCVersionGroup;
			children = (
				4935B6F326DF96CA00837F93 /* LocationManager.xcdatamodel */,
			);
			currentVersion = 4935B6F326DF96CA00837F93 /* LocationManager.xcdatamodel */;
			path = LocationManager.xcdatamodeld;
			sourceTree = "<group>";
			versionGroupType = wrapper.xcdatamodel;
		};
/* End XCVersionGroup section */
	};
	rootObject = 4935B6DC26DF96C700837F93 /* Project object */;
}
